
Microsoft Visual Studio Solution File, Format Version 12.00
# Visual Studio Version 17
VisualStudioVersion = 17.5.33530.505
MinimumVisualStudioVersion = 10.0.40219.1
Project("{FAE04EC0-301F-11D3-BF4B-00C04F79EFBC}") = "ListViewExample.Android", "ListViewExample\ListViewExample.Android\ListViewExample.Android.csproj", "{92C2AB2F-76DF-4488-9E57-4797D452F7A6}"
EndProject
Project("{FAE04EC0-301F-11D3-BF4B-00C04F79EFBC}") = "ListViewExample.iOS", "ListViewExample\ListViewExample.iOS\ListViewExample.iOS.csproj", "{B6701BB2-1896-4F29-8B55-AF14FDCAE705}"
EndProject
Project("{FAE04EC0-301F-11D3-BF4B-00C04F79EFBC}") = "ListViewExample", "ListViewExample\ListViewExample\ListViewExample.csproj", "{F2D517CB-73F9-43C4-9B94-EB8693EFE732}"
EndProject
Global
	GlobalSection(SolutionConfigurationPlatforms) = preSolution
		Debug|Any CPU = Debug|Any CPU
		Debug|iPhone = Debug|iPhone
		Debug|iPhoneSimulator = Debug|iPhoneSimulator
		Release|Any CPU = Release|Any CPU
		Release|iPhone = Release|iPhone
		Release|iPhoneSimulator = Release|iPhoneSimulator
	EndGlobalSection
	GlobalSection(ProjectConfigurationPlatforms) = postSolution
		{92C2AB2F-76DF-4488-9E57-4797D452F7A6}.Debug|Any CPU.ActiveCfg = Debug|Any CPU
		{92C2AB2F-76DF-4488-9E57-4797D452F7A6}.Debug|Any CPU.Build.0 = Debug|Any CPU
		{92C2AB2F-76DF-4488-9E57-4797D452F7A6}.Debug|Any CPU.Deploy.0 = Debug|Any CPU
		{92C2AB2F-76DF-4488-9E57-4797D452F7A6}.Debug|iPhone.ActiveCfg = Debug|Any CPU
		{92C2AB2F-76DF-4488-9E57-4797D452F7A6}.Debug|iPhone.Build.0 = Debug|Any CPU
		{92C2AB2F-76DF-4488-9E57-4797D452F7A6}.Debug|iPhone.Deploy.0 = Debug|Any CPU
		{92C2AB2F-76DF-4488-9E57-4797D452F7A6}.Debug|iPhoneSimulator.ActiveCfg = Debug|Any CPU
		{92C2AB2F-76DF-4488-9E57-4797D452F7A6}.Debug|iPhoneSimulator.Build.0 = Debug|Any CPU
		{92C2AB2F-76DF-4488-9E57-4797D452F7A6}.Debug|iPhoneSimulator.Deploy.0 = Debug|Any CPU
		{92C2AB2F-76DF-4488-9E57-4797D452F7A6}.Release|Any CPU.ActiveCfg = Release|Any CPU
		{92C2AB2F-76DF-4488-9E57-4797D452F7A6}.Release|Any CPU.Build.0 = Release|Any CPU
		{92C2AB2F-76DF-4488-9E57-4797D452F7A6}.Release|Any CPU.Deploy.0 = Release|Any CPU
		{92C2AB2F-76DF-4488-9E57-4797D452F7A6}.Release|iPhone.ActiveCfg = Release|Any CPU
		{92C2AB2F-76DF-4488-9E57-4797D452F7A6}.Release|iPhone.Build.0 = Release|Any CPU
		{92C2AB2F-76DF-4488-9E57-4797D452F7A6}.Release|iPhone.Deploy.0 = Release|Any CPU
		{92C2AB2F-76DF-4488-9E57-4797D452F7A6}.Release|iPhoneSimulator.ActiveCfg = Release|Any CPU
		{92C2AB2F-76DF-4488-9E57-4797D452F7A6}.Release|iPhoneSimulator.Build.0 = Release|Any CPU
		{92C2AB2F-76DF-4488-9E57-4797D452F7A6}.Release|iPhoneSimulator.Deploy.0 = Release|Any CPU
		{B6701BB2-1896-4F29-8B55-AF14FDCAE705}.Debug|Any CPU.ActiveCfg = Debug|iPhone
		{B6701BB2-1896-4F29-8B55-AF14FDCAE705}.Debug|Any CPU.Build.0 = Debug|iPhone
		{B6701BB2-1896-4F29-8B55-AF14FDCAE705}.Debug|Any CPU.Deploy.0 = Debug|iPhone
		{B6701BB2-1896-4F29-8B55-AF14FDCAE705}.Debug|iPhone.ActiveCfg = Debug|iPhone
		{B6701BB2-1896-4F29-8B55-AF14FDCAE705}.Debug|iPhone.Build.0 = Debug|iPhone
		{B6701BB2-1896-4F29-8B55-AF14FDCAE705}.Debug|iPhone.Deploy.0 = Debug|iPhone
		{B6701BB2-1896-4F29-8B55-AF14FDCAE705}.Debug|iPhoneSimulator.ActiveCfg = Debug|iPhoneSimulator
		{B6701BB2-1896-4F29-8B55-AF14FDCAE705}.Debug|iPhoneSimulator.Build.0 = Debug|iPhoneSimulator
		{B6701BB2-1896-4F29-8B55-AF14FDCAE705}.Debug|iPhoneSimulator.Deploy.0 = Debug|iPhoneSimulator
		{B6701BB2-1896-4F29-8B55-AF14FDCAE705}.Release|Any CPU.ActiveCfg = Release|iPhoneSimulator
		{B6701BB2-1896-4F29-8B55-AF14FDCAE705}.Release|Any CPU.Build.0 = Release|iPhoneSimulator
		{B6701BB2-1896-4F29-8B55-AF14FDCAE705}.Release|Any CPU.Deploy.0 = Release|iPhoneSimulator
		{B6701BB2-1896-4F29-8B55-AF14FDCAE705}.Release|iPhone.ActiveCfg = Release|iPhone
		{B6701BB2-1896-4F29-8B55-AF14FDCAE705}.Release|iPhone.Build.0 = Release|iPhone
		{B6701BB2-1896-4F29-8B55-AF14FDCAE705}.Release|iPhone.Deploy.0 = Release|iPhone
		{B6701BB2-1896-4F29-8B55-AF14FDCAE705}.Release|iPhoneSimulator.ActiveCfg = Release|iPhoneSimulator
		{B6701BB2-1896-4F29-8B55-AF14FDCAE705}.Release|iPhoneSimulator.Build.0 = Release|iPhoneSimulator
		{B6701BB2-1896-4F29-8B55-AF14FDCAE705}.Release|iPhoneSimulator.Deploy.0 = Release|iPhoneSimulator
		{F2D517CB-73F9-43C4-9B94-EB8693EFE732}.Debug|Any CPU.ActiveCfg = Debug|Any CPU
		{F2D517CB-73F9-43C4-9B94-EB8693EFE732}.Debug|Any CPU.Build.0 = Debug|Any CPU
		{F2D517CB-73F9-43C4-9B94-EB8693EFE732}.Debug|Any CPU.Deploy.0 = Debug|Any CPU
		{F2D517CB-73F9-43C4-9B94-EB8693EFE732}.Debug|iPhone.ActiveCfg = Debug|Any CPU
		{F2D517CB-73F9-43C4-9B94-EB8693EFE732}.Debug|iPhone.Build.0 = Debug|Any CPU
		{F2D517CB-73F9-43C4-9B94-EB8693EFE732}.Debug|iPhone.Deploy.0 = Debug|Any CPU
		{F2D517CB-73F9-43C4-9B94-EB8693EFE732}.Debug|iPhoneSimulator.ActiveCfg = Debug|Any CPU
		{F2D517CB-73F9-43C4-9B94-EB8693EFE732}.Debug|iPhoneSimulator.Build.0 = Debug|Any CPU
		{F2D517CB-73F9-43C4-9B94-EB8693EFE732}.Debug|iPhoneSimulator.Deploy.0 = Debug|Any CPU
		{F2D517CB-73F9-43C4-9B94-EB8693EFE732}.Release|Any CPU.ActiveCfg = Release|Any CPU
		{F2D517CB-73F9-43C4-9B94-EB8693EFE732}.Release|Any CPU.Build.0 = Release|Any CPU
		{F2D517CB-73F9-43C4-9B94-EB8693EFE732}.Release|Any CPU.Deploy.0 = Release|Any CPU
		{F2D517CB-73F9-43C4-9B94-EB8693EFE732}.Release|iPhone.ActiveCfg = Release|Any CPU
		{F2D517CB-73F9-43C4-9B94-EB8693EFE732}.Release|iPhone.Build.0 = Release|Any CPU
		{F2D517CB-73F9-43C4-9B94-EB8693EFE732}.Release|iPhone.Deploy.0 = Release|Any CPU
		{F2D517CB-73F9-43C4-9B94-EB8693EFE732}.Release|iPhoneSimulator.ActiveCfg = Release|Any CPU
		{F2D517CB-73F9-43C4-9B94-EB8693EFE732}.Release|iPhoneSimulator.Build.0 = Release|Any CPU
		{F2D517CB-73F9-43C4-9B94-EB8693EFE732}.Release|iPhoneSimulator.Deploy.0 = Release|Any CPU
	EndGlobalSection
	GlobalSection(SolutionProperties) = preSolution
		HideSolutionNode = FALSE
	EndGlobalSection
	GlobalSection(ExtensibilityGlobals) = postSolution
		SolutionGuid = {1DC6090E-C698-463F-928C-0302E24BEC5A}
	EndGlobalSection
EndGlobal
